Microsoft Visual Studio Solution File, Format Version 12.00
# Visual Studio Version 17
VisualStudioVersion = 17.5.2.0
MinimumVisualStudioVersion = 10.0.40219.1
Project("{FAE04EC0-301F-11D3-BF4B-00C04F79EFBC}") = "media-api", "media-api\media-api.csproj", "{737D0833-A008-0464-89DF-FBB010223183}"
EndProject
Global
	GlobalSection(SolutionConfigurationPlatforms) = preSolution
		Debug|Any CPU = Debug|Any CPU
		Release|Any CPU = Release|Any CPU
	EndGlobalSection
	GlobalSection(ProjectConfigurationPlatforms) = postSolution
		{737D0833-A008-0464-89DF-FBB010223183}.Debug|Any CPU.ActiveCfg = Debug|Any CPU
		{737D0833-A008-0464-89DF-FBB010223183}.Debug|Any CPU.Build.0 = Debug|Any CPU
		{737D0833-A008-0464-89DF-FBB010223183}.Release|Any CPU.ActiveCfg = Release|Any CPU
		{737D0833-A008-0464-89DF-FBB010223183}.Release|Any CPU.Build.0 = Release|Any CPU
	EndGlobalSection
	GlobalSection(SolutionProperties) = preSolution
		HideSolutionNode = FALSE
	EndGlobalSection
	GlobalSection(ExtensibilityGlobals) = postSolution
		SolutionGuid = {B9D3D25E-BD1C-47E3-B290-5A6759C4E4AE}
	EndGlobalSection
EndGlobal
